
Microsoft Visual Studio Solution File, Format Version 12.00
# Visual Studio Version 16
VisualStudioVersion = 16.0.29318.209
MinimumVisualStudioVersion = 10.0.40219.1
Project("{FAE04EC0-301F-11D3-BF4B-00C04F79EFBC}") = "Bookstore", "Bookstore\Bookstore.csproj", "{B319111A-0710-48A8-99F3-BEC67FE55CF9}"
EndProject
Global
	GlobalSection(SolutionConfigurationPlatforms) = preSolution
		Debug|Any CPU = Debug|Any CPU
		Release|Any CPU = Release|Any CPU
	EndGlobalSection
	GlobalSection(ProjectConfigurationPlatforms) = postSolution
		{B319111A-0710-48A8-99F3-BEC67FE55CF9}.Debug|Any CPU.ActiveCfg = Debug|Any CPU
		{B319111A-0710-48A8-99F3-BEC67FE55CF9}.Debug|Any CPU.Build.0 = Debug|Any CPU
		{B319111A-0710-48A8-99F3-BEC67FE55CF9}.Release|Any CPU.ActiveCfg = Release|Any CPU
		{B319111A-0710-48A8-99F3-BEC67FE55CF9}.Release|Any CPU.Build.0 = Release|Any CPU
	EndGlobalSection
	GlobalSection(SolutionProperties) = preSolution
		HideSolutionNode = FALSE
	EndGlobalSection
	GlobalSection(ExtensibilityGlobals) = postSolution
		SolutionGuid = {27655651-767B-4284-B585-8DDE34D61AD6}
	EndGlobalSection
EndGlobal
